// !$*UTF8*$!
{
	archiveVersion = 1;
	classes = {
	};
	objectVersion = 50;
	objects = {

/* Begin PBXBuildFile section */
		704173DB265B02FF001B1335 /* AppDelegate.swift in Sources */ = {isa = PBXBuildFile; fileRef = 704173DA265B02FF001B1335 /* AppDelegate.swift */; };
		704173DD265B02FF001B1335 /* SceneDelegate.swift in Sources */ = {isa = PBXBuildFile; fileRef = 704173DC265B02FF001B1335 /* SceneDelegate.swift */; };
		704173DF265B02FF001B1335 /* ViewController.swift in Sources */ = {isa = PBXBuildFile; fileRef = 704173DE265B02FF001B1335 /* ViewController.swift */; };
		704173E2265B02FF001B1335 /* Main.storyboard in Resources */ = {isa = PBXBuildFile; fileRef = 704173E0265B02FF001B1335 /* Main.storyboard */; };
		704173E4265B0303001B1335 /* Assets.xcassets in Resources */ = {isa = PBXBuildFile; fileRef = 704173E3265B0303001B1335 /* Assets.xcassets */; };
		704173E7265B0303001B1335 /* LaunchScreen.storyboard in Resources */ = {isa = PBXBuildFile; fileRef = 704173E5265B0303001B1335 /* LaunchScreen.storyboard */; };
		B9C36FE934B93658607A868E /* Pods_PureLayoutTestApp.framework in Frameworks */ = {isa = PBXBuildFile; fileRef = 800EBB8726F0E0F0DCECD9EA /* Pods_PureLayoutTestApp.framework */; };
/* End PBXBuildFile section */

/* Begin PBXFileReference section */
		02DB0CCB84B7618694583BD5 /* Pods-PureLayoutTestApp.release.xcconfig */ = {isa = PBXFileReference; includeInIndex = 1; lastKnownFileType = text.xcconfig; name = "Pods-PureLayoutTestApp.release.xcconfig"; path = "Target Support Files/Pods-PureLayoutTestApp/Pods-PureLayoutTestApp.release.xcconfig"; sourceTree = "<group>"; };
		704173D7265B02FF001B1335 /* PureLayoutTestApp.app */ = {isa = PBXFileReference; explicitFileType = wrapper.application; includeInIndex = 0; path = PureLayoutTestApp.app; sourceTree = BUILT_PRODUCTS_DIR; };
		704173DA265B02FF001B1335 /* AppDelegate.swift */ = {isa = PBXFileReference; lastKnownFileType = sourcecode.swift; path = AppDelegate.swift; sourceTree = "<group>"; };
		704173DC265B02FF001B1335 /* SceneDelegate.swift */ = {isa = PBXFileReference; lastKnownFileType = sourcecode.swift; path = SceneDelegate.swift; sourceTree = "<group>"; };
		704173DE265B02FF001B1335 /* ViewController.swift */ = {isa = PBXFileReference; lastKnownFileType = sourcecode.swift; path = ViewController.swift; sourceTree = "<group>"; };
		704173E1265B02FF001B1335 /* Base */ = {isa = PBXFileReference; lastKnownFileType = file.storyboard; name = Base; path = Base.lproj/Main.storyboard; sourceTree = "<group>"; };
		704173E3265B0303001B1335 /* Assets.xcassets */ = {isa = PBXFileReference; lastKnownFileType = folder.assetcatalog; path = Assets.xcassets; sourceTree = "<group>"; };
		704173E6265B0303001B1335 /* Base */ = {isa = PBXFileReference; lastKnownFileType = file.storyboard; name = Base; path = Base.lproj/LaunchScreen.storyboard; sourceTree = "<group>"; };
		704173E8265B0303001B1335 /* Info.plist */ = {isa = PBXFileReference; lastKnownFileType = text.plist.xml; path = Info.plist; sourceTree = "<group>"; };
		800EBB8726F0E0F0DCECD9EA /* Pods_PureLayoutTestApp.framework */ = {isa = PBXFileReference; explicitFileType = wrapper.framework; includeInIndex = 0; path = Pods_PureLayoutTestApp.framework; sourceTree = BUILT_PRODUCTS_DIR; };
		C15E10C147921D36FC250FF0 /* Pods-PureLayoutTestApp.debug.xcconfig */ = {isa = PBXFileReference; includeInIndex = 1; lastKnownFileType = text.xcconfig; name = "Pods-PureLayoutTestApp.debug.xcconfig"; path = "Target Support Files/Pods-PureLayoutTestApp/Pods-PureLayoutTestApp.debug.xcconfig"; sourceTree = "<group>"; };
/* End PBXFileReference section */

/* Begin PBXFrameworksBuildPhase section */
		704173D4265B02FF001B1335 /* Frameworks */ = {
			isa = PBXFrameworksBuildPhase;
			buildActionMask = 2147483647;
			files = (
				B9C36FE934B93658607A868E /* Pods_PureLayoutTestApp.framework in Frameworks */,
			);
			runOnlyForDeploymentPostprocessing = 0;
		};
/* End PBXFrameworksBuildPhase section */

/* Begin PBXGroup section */
		1002A6FF51A3926144A40A03 /* Pods */ = {
			isa = PBXGroup;
			children = (
				C15E10C147921D36FC250FF0 /* Pods-PureLayoutTestApp.debug.xcconfig */,
				02DB0CCB84B7618694583BD5 /* Pods-PureLayoutTestApp.release.xcconfig */,
			);
			name = Pods;
			path = Pods;
			sourceTree = "<group>";
		};
		17259CFAF6229362934DECB6 /* Frameworks */ = {
			isa = PBXGroup;
			children = (
				800EBB8726F0E0F0DCECD9EA /* Pods_PureLayoutTestApp.framework */,
			);
			name = Frameworks;
			sourceTree = "<group>";
		};
		704173CE265B02FF001B1335 = {
			isa = PBXGroup;
			children = (
				704173D9265B02FF001B1335 /* PureLayoutTestApp */,
				704173D8265B02FF001B1335 /* Products */,
				1002A6FF51A3926144A40A03 /* Pods */,
				17259CFAF6229362934DECB6 /* Frameworks */,
			);
			sourceTree = "<group>";
		};
		704173D8265B02FF001B1335 /* Products */ = {
			isa = PBXGroup;
			children = (
				704173D7265B02FF001B1335 /* PureLayoutTestApp.app */,
			);
			name = Products;
			sourceTree = "<group>";
		};
		704173D9265B02FF001B1335 /* PureLayoutTestApp */ = {
			isa = PBXGroup;
			children = (
				704173DA265B02FF001B1335 /* AppDelegate.swift */,
				704173DC265B02FF001B1335 /* SceneDelegate.swift */,
				704173DE265B02FF001B1335 /* ViewController.swift */,
				704173E0265B02FF001B1335 /* Main.storyboard */,
				704173E3265B0303001B1335 /* Assets.xcassets */,
				704173E5265B0303001B1335 /* LaunchScreen.storyboard */,
				704173E8265B0303001B1335 /* Info.plist */,
			);
			path = PureLayoutTestApp;
			sourceTree = "<group>";
		};
/* End PBXGroup section */

/* Begin PBXNativeTarget section */
		704173D6265B02FF001B1335 /* PureLayoutTestApp */ = {
			isa = PBXNativeTarget;
			buildConfigurationList = 704173EB265B0303001B1335 /* Build configuration list for PBXNativeTarget "PureLayoutTestApp" */;
			buildPhases = (
				C65EEE1DBA8378DDB076D910 /* [CP] Check Pods Manifest.lock */,
				704173D3265B02FF001B1335 /* Sources */,
				704173D4265B02FF001B1335 /* Frameworks */,
				704173D5265B02FF001B1335 /* Resources */,
				6E079A8CFB80777C474125CF /* [CP] Embed Pods Frameworks */,
			);
			buildRules = (
			);
			dependencies = (
			);
			name = PureLayoutTestApp;
			productName = PureLayoutTestApp;
			productReference = 704173D7265B02FF001B1335 /* PureLayoutTestApp.app */;
			productType = "com.apple.product-type.application";
		};
/* End PBXNativeTarget section */

/* Begin PBXProject section */
		704173CF265B02FF001B1335 /* Project object */ = {
			isa = PBXProject;
			attributes = {
				LastSwiftUpdateCheck = 1250;
				LastUpgradeCheck = 1250;
				TargetAttributes = {
					704173D6265B02FF001B1335 = {
						CreatedOnToolsVersion = 12.5;
					};
				};
			};
			buildConfigurationList = 704173D2265B02FF001B1335 /* Build configuration list for PBXProject "PureLayoutTestApp" */;
			compatibilityVersion = "Xcode 9.3";
			developmentRegion = en;
			hasScannedForEncodings = 0;
			knownRegions = (
				en,
				Base,
			);
			mainGroup = 704173CE265B02FF001B1335;
			productRefGroup = 704173D8265B02FF001B1335 /* Products */;
			projectDirPath = "";
			projectRoot = "";
			targets = (
				704173D6265B02FF001B1335 /* PureLayoutTestApp */,
			);
		};
/* End PBXProject section */

/* Begin PBXResourcesBuildPhase section */
		704173D5265B02FF001B1335 /* Resources */ = {
			isa = PBXResourcesBuildPhase;
			buildActionMask = 2147483647;
			files = (
				704173E7265B0303001B1335 /* LaunchScreen.storyboard in Resources */,
				704173E4265B0303001B1335 /* Assets.xcassets in Resources */,
				704173E2265B02FF001B1335 /* Main.storyboard in Resources */,
			);
			runOnlyForDeploymentPostprocessing = 0;
		};
/* End PBXResourcesBuildPhase section */

/* Begin PBXShellScriptBuildPhase section */
		6E079A8CFB80777C474125CF /* [CP] Embed Pods Frameworks */ = {
			isa = PBXShellScriptBuildPhase;
			buildActionMask = 2147483647;
			files = (
			);
			inputFileListPaths = (
				"${PODS_ROOT}/Target Support Files/Pods-PureLayoutTestApp/Pods-PureLayoutTestApp-frameworks-${CONFIGURATION}-input-files.xcfilelist",
			);
			name = "[CP] Embed Pods Frameworks";
			outputFileListPaths = (
				"${PODS_ROOT}/Target Support Files/Pods-PureLayoutTestApp/Pods-PureLayoutTestApp-frameworks-${CONFIGURATION}-output-files.xcfilelist",
			);
			runOnlyForDeploymentPostprocessing = 0;
			shellPath = /bin/sh;
			shellScript = "\"${PODS_ROOT}/Target Support Files/Pods-PureLayoutTestApp/Pods-PureLayoutTestApp-frameworks.sh\"\n";
			showEnvVarsInLog = 0;
		};
		C65EEE1DBA8378DDB076D910 /* [CP] Check Pods Manifest.lock */ = {
			isa = PBXShellScriptBuildPhase;
			buildActionMask = 2147483647;
			files = (
			);
			inputFileListPaths = (
			);
			inputPaths = (
				"${PODS_PODFILE_DIR_PATH}/Podfile.lock",
				"${PODS_ROOT}/Manifest.lock",
			);
			name = "[CP] Check Pods Manifest.lock";
			outputFileListPaths = (
			);
			outputPaths = (
				"$(DERIVED_FILE_DIR)/Pods-PureLayoutTestApp-checkManifestLockResult.txt",
			);
			runOnlyForDeploymentPostprocessing = 0;
			shellPath = /bin/sh;
			shellScript = "diff \"${PODS_PODFILE_DIR_PATH}/Podfile.lock\" \"${PODS_ROOT}/Manifest.lock\" > /dev/null\nif [ $? != 0 ] ; then\n    # print error to STDERR\n    echo \"error: The sandbox is not in sync with the Podfile.lock. Run 'pod install' or update your CocoaPods installation.\" >&2\n    exit 1\nfi\n# This output is used by Xcode 'outputs' to avoid re-running this script phase.\necho \"SUCCESS\" > \"${SCRIPT_OUTPUT_FILE_0}\"\n";
			showEnvVarsInLog = 0;
		};
/* End PBXShellScriptBuildPhase section */

/* Begin PBXSourcesBuildPhase section */
		704173D3265B02FF001B1335 /* Sources */ = {
			isa = PBXSourcesBuildPhase;
			buildActionMask = 2147483647;
			files = (
				704173DF265B02FF001B1335 /* ViewController.swift in Sources */,
				704173DB265B02FF001B1335 /* AppDelegate.swift in Sources */,
				704173DD265B02FF001B1335 /* SceneDelegate.swift in Sources */,
			);
			runOnlyForDeploymentPostprocessing = 0;
		};
/* End PBXSourcesBuildPhase section */

/* Begin PBXVariantGroup section */
		704173E0265B02FF001B1335 /* Main.storyboard */ = {
			isa = PBXVariantGroup;
			children = (
				704173E1265B02FF001B1335 /* Base */,
			);
			name = Main.storyboard;
			sourceTree = "<group>";
		};
		704173E5265B0303001B1335 /* LaunchScreen.storyboard */ = {
			isa = PBXVariantGroup;
			children = (
				704173E6265B0303001B1335 /* Base */,
			);
			name = LaunchScreen.storyboard;
			sourceTree = "<group>";
		};
/* End PBXVariantGroup section */

/* Begin XCBuildConfiguration section */
		704173E9265B0303001B1335 /* Debug */ = {
			isa = XCBuildConfiguration;
			buildSettings = {
				ALWAYS_SEARCH_USER_PATHS = NO;
				CLANG_ANALYZER_NONNULL = YES;
				CLANG_ANALYZER_NUMBER_OBJECT_CONVERSION = YES_AGGRESSIVE;
				CLANG_CXX_LANGUAGE_STANDARD = "gnu++14";
				CLANG_CXX_LIBRARY = "libc++";
				CLANG_ENABLE_MODULES = YES;
				CLANG_ENABLE_OBJC_ARC = YES;
				CLANG_ENABLE_OBJC_WEAK = YES;
				CLANG_WARN_BLOCK_CAPTURE_AUTORELEASING = YES;
				CLANG_WARN_BOOL_CONVERSION = YES;
				CLANG_WARN_COMMA = YES;
				CLANG_WARN_CONSTANT_CONVERSION = YES;
				CLANG_WARN_DEPRECATED_OBJC_IMPLEMENTATIONS = YES;
				CLANG_WARN_DIRECT_OBJC_ISA_USAGE = YES_ERROR;
				CLANG_WARN_DOCUMENTATION_COMMENTS = YES;
				CLANG_WARN_EMPTY_BODY = YES;
				CLANG_WARN_ENUM_CONVERSION = YES;
				CLANG_WARN_INFINITE_RECURSION = YES;
				CLANG_WARN_INT_CONVERSION = YES;
				CLANG_WARN_NON_LITERAL_NULL_CONVERSION = YES;
				CLANG_WARN_OBJC_IMPLICIT_RETAIN_SELF = YES;
				CLANG_WARN_OBJC_LITERAL_CONVERSION = YES;
				CLANG_WARN_OBJC_ROOT_CLASS = YES_ERROR;
				CLANG_WARN_QUOTED_INCLUDE_IN_FRAMEWORK_HEADER = YES;
				CLANG_WARN_RANGE_LOOP_ANALYSIS = YES;
				CLANG_WARN_STRICT_PROTOTYPES = YES;
				CLANG_WARN_SUSPICIOUS_MOVE = YES;
				CLANG_WARN_UNGUARDED_AVAILABILITY = YES_AGGRESSIVE;
				CLANG_WARN_UNREACHABLE_CODE = YES;
				CLANG_WARN__DUPLICATE_METHOD_MATCH = YES;
				COPY_PHASE_STRIP = NO;
				DEBUG_INFORMATION_FORMAT = dwarf;
				ENABLE_STRICT_OBJC_MSGSEND = YES;
				ENABLE_TESTABILITY = YES;
				GCC_C_LANGUAGE_STANDARD = gnu11;
				GCC_DYNAMIC_NO_PIC = NO;
				GCC_NO_COMMON_BLOCKS = YES;
				GCC_OPTIMIZATION_LEVEL = 0;
				GCC_PREPROCESSOR_DEFINITIONS = (
					"DEBUG=1",
					"$(inherited)",
				);
				GCC_WARN_64_TO_32_BIT_CONVERSION = YES;
				GCC_WARN_ABOUT_RETURN_TYPE = YES_ERROR;
				GCC_WARN_UNDECLARED_SELECTOR = YES;
				GCC_WARN_UNINITIALIZED_AUTOS = YES_AGGRESSIVE;
				GCC_WARN_UNUSED_FUNCTION = YES;
				GCC_WARN_UNUSED_VARIABLE = YES;
				IPHONEOS_DEPLOYMENT_TARGET = 14.5;
				MTL_ENABLE_DEBUG_INFO = INCLUDE_SOURCE;
				MTL_FAST_MATH = YES;
				ONLY_ACTIVE_ARCH = YES;
				SDKROOT = iphoneos;
				SWIFT_ACTIVE_COMPILATION_CONDITIONS = DEBUG;
				SWIFT_OPTIMIZATION_LEVEL = "-Onone";
			};
			name = Debug;
		};
		704173EA265B0303001B1335 /* Release */ = {
			isa = XCBuildConfiguration;
			buildSettings = {
				ALWAYS_SEARCH_USER_PATHS = NO;
				CLANG_ANALYZER_NONNULL = YES;
				CLANG_ANALYZER_NUMBER_OBJECT_CONVERSION = YES_AGGRESSIVE;
				CLANG_CXX_LANGUAGE_STANDARD = "gnu++14";
				CLANG_CXX_LIBRARY = "libc++";
				CLANG_ENABLE_MODULES = YES;
				CLANG_ENABLE_OBJC_ARC = YES;
				CLANG_ENABLE_OBJC_WEAK = YES;
				CLANG_WARN_BLOCK_CAPTURE_AUTORELEASING = YES;
				CLANG_WARN_BOOL_CONVERSION = YES;
				CLANG_WARN_COMMA = YES;
				CLANG_WARN_CONSTANT_CONVERSION = YES;
				CLANG_WARN_DEPRECATED_OBJC_IMPLEMENTATIONS = YES;
				CLANG_WARN_DIRECT_OBJC_ISA_USAGE = YES_ERROR;
				CLANG_WARN_DOCUMENTATION_COMMENTS = YES;
				CLANG_WARN_EMPTY_BODY = YES;
				CLANG_WARN_ENUM_CONVERSION = YES;
				CLANG_WARN_INFINITE_RECURSION = YES;
				CLANG_WARN_INT_CONVERSION = YES;
				CLANG_WARN_NON_LITERAL_NULL_CONVERSION = YES;
				CLANG_WARN_OBJC_IMPLICIT_RETAIN_SELF = YES;
				CLANG_WARN_OBJC_LITERAL_CONVERSION = YES;
				CLANG_WARN_OBJC_ROOT_CLASS = YES_ERROR;
				CLANG_WARN_QUOTED_INCLUDE_IN_FRAMEWORK_HEADER = YES;
				CLANG_WARN_RANGE_LOOP_ANALYSIS = YES;
				CLANG_WARN_STRICT_PROTOTYPES = YES;
				CLANG_WARN_SUSPICIOUS_MOVE = YES;
				CLANG_WARN_UNGUARDED_AVAILABILITY = YES_AGGRESSIVE;
				CLANG_WARN_UNREACHABLE_CODE = YES;
				CLANG_WARN__DUPLICATE_METHOD_MATCH = YES;
				COPY_PHASE_STRIP = NO;
				DEBUG_INFORMATION_FORMAT = "dwarf-with-dsym";
				ENABLE_NS_ASSERTIONS = NO;
				ENABLE_STRICT_OBJC_MSGSEND = YES;
				GCC_C_LANGUAGE_STANDARD = gnu11;
				GCC_NO_COMMON_BLOCKS = YES;
				GCC_WARN_64_TO_32_BIT_CONVERSION = YES;
				GCC_WARN_ABOUT_RETURN_TYPE = YES_ERROR;
				GCC_WARN_UNDECLARED_SELECTOR = YES;
				GCC_WARN_UNINITIALIZED_AUTOS = YES_AGGRESSIVE;
				GCC_WARN_UNUSED_FUNCTION = YES;
				GCC_WARN_UNUSED_VARIABLE = YES;
				IPHONEOS_DEPLOYMENT_TARGET = 14.5;
				MTL_ENABLE_DEBUG_INFO = NO;
				MTL_FAST_MATH = YES;
				SDKROOT = iphoneos;
				SWIFT_COMPILATION_MODE = wholemodule;
				SWIFT_OPTIMIZATION_LEVEL = "-O";
				VALIDATE_PRODUCT = YES;
			};
			name = Release;
		};
		704173EC265B0303001B1335 /* Debug */ = {
			isa = XCBuildConfiguration;
			baseConfigurationReference = C15E10C147921D36FC250FF0 /* Pods-PureLayoutTestApp.debug.xcconfig */;
			buildSettings = {
				ASSETCATALOG_COMPILER_APPICON_NAME = AppIcon;
				ASSETCATALOG_COMPILER_GLOBAL_ACCENT_COLOR_NAME = AccentColor;
				CODE_SIGN_STYLE = Automatic;
				DEVELOPMENT_TEAM = 7ZC6WWR8C9;
				INFOPLIST_FILE = PureLayoutTestApp/Info.plist;
				LD_RUNPATH_SEARCH_PATHS = (
					"$(inherited)",
					"@executable_path/Frameworks",
				);
				PRODUCT_BUNDLE_IDENTIFIER = Alexander.PureLayoutTestApp;
				PRODUCT_NAME = "$(TARGET_NAME)";
				SWIFT_VERSION = 5.0;
				TARGETED_DEVICE_FAMILY = "1,2";
			};
			name = Debug;
		};
		704173ED265B0303001B1335 /* Release */ = {
			isa = XCBuildConfiguration;
			baseConfigurationReference = 02DB0CCB84B7618694583BD5 /* Pods-PureLayoutTestApp.release.xcconfig */;
			buildSettings = {
				ASSETCATALOG_COMPILER_APPICON_NAME = AppIcon;
				ASSETCATALOG_COMPILER_GLOBAL_ACCENT_COLOR_NAME = AccentColor;
				CODE_SIGN_STYLE = Automatic;
				DEVELOPMENT_TEAM = 7ZC6WWR8C9;
				INFOPLIST_FILE = PureLayoutTestApp/Info.plist;
				LD_RUNPATH_SEARCH_PATHS = (
					"$(inherited)",
					"@executable_path/Frameworks",
				);
				PRODUCT_BUNDLE_IDENTIFIER = Alexander.PureLayoutTestApp;
				PRODUCT_NAME = "$(TARGET_NAME)";
				SWIFT_VERSION = 5.0;
				TARGETED_DEVICE_FAMILY = "1,2";
			};
			name = Release;
		};
/* End XCBuildConfiguration section */

/* Begin XCConfigurationList section */
		704173D2265B02FF001B1335 /* Build configuration list for PBXProject "PureLayoutTestApp" */ = {
			isa = XCConfigurationList;
			buildConfigurations = (
				704173E9265B0303001B1335 /* Debug */,
				704173EA265B0303001B1335 /* Release */,
			);
			defaultConfigurationIsVisible = 0;
			defaultConfigurationName = Release;
		};
		704173EB265B0303001B1335 /* Build configuration list for PBXNativeTarget "PureLayoutTestApp" */ = {
			isa = XCConfigurationList;
			buildConfigurations = (
				704173EC265B0303001B1335 /* Debug */,
				704173ED265B0303001B1335 /* Release */,
			);
			defaultConfigurationIsVisible = 0;
			defaultConfigurationName = Release;
		};
/* End XCConfigurationList section */
	};
	rootObject = 704173CF265B02FF001B1335 /* Project object */;
}
