// !$*UTF8*$!
{
	archiveVersion = 1;
	classes = {
	};
	objectVersion = 55;
	objects = {

/* Begin PBXBuildFile section */
		DD83E61A2792D2FA002DD4DB /* AppDelegate.swift in Sources */ = {isa = PBXBuildFile; fileRef = DD83E6192792D2FA002DD4DB /* AppDelegate.swift */; };
		DD83E61C2792D2FA002DD4DB /* SceneDelegate.swift in Sources */ = {isa = PBXBuildFile; fileRef = DD83E61B2792D2FA002DD4DB /* SceneDelegate.swift */; };
		DD83E61E2792D2FA002DD4DB /* ListViewController.swift in Sources */ = {isa = PBXBuildFile; fileRef = DD83E61D2792D2FA002DD4DB /* ListViewController.swift */; };
		DD83E6212792D2FA002DD4DB /* Main.storyboard in Resources */ = {isa = PBXBuildFile; fileRef = DD83E61F2792D2FA002DD4DB /* Main.storyboard */; };
		DD83E6242792D2FA002DD4DB /* NSOperationPractice.xcdatamodeld in Sources */ = {isa = PBXBuildFile; fileRef = DD83E6222792D2FA002DD4DB /* NSOperationPractice.xcdatamodeld */; };
		DD83E6262792D2FB002DD4DB /* Assets.xcassets in Resources */ = {isa = PBXBuildFile; fileRef = DD83E6252792D2FB002DD4DB /* Assets.xcassets */; };
		DD83E6292792D2FB002DD4DB /* LaunchScreen.storyboard in Resources */ = {isa = PBXBuildFile; fileRef = DD83E6272792D2FB002DD4DB /* LaunchScreen.storyboard */; };
		DD83E6312792DE24002DD4DB /* PhotoOperations.swift in Sources */ = {isa = PBXBuildFile; fileRef = DD83E6302792DE24002DD4DB /* PhotoOperations.swift */; };
/* End PBXBuildFile section */

/* Begin PBXFileReference section */
		DD83E6162792D2FA002DD4DB /* NSOperationPractice.app */ = {isa = PBXFileReference; explicitFileType = wrapper.application; includeInIndex = 0; path = NSOperationPractice.app; sourceTree = BUILT_PRODUCTS_DIR; };
		DD83E6192792D2FA002DD4DB /* AppDelegate.swift */ = {isa = PBXFileReference; lastKnownFileType = sourcecode.swift; path = AppDelegate.swift; sourceTree = "<group>"; };
		DD83E61B2792D2FA002DD4DB /* SceneDelegate.swift */ = {isa = PBXFileReference; lastKnownFileType = sourcecode.swift; path = SceneDelegate.swift; sourceTree = "<group>"; };
		DD83E61D2792D2FA002DD4DB /* ListViewController.swift */ = {isa = PBXFileReference; lastKnownFileType = sourcecode.swift; path = ListViewController.swift; sourceTree = "<group>"; };
		DD83E6202792D2FA002DD4DB /* Base */ = {isa = PBXFileReference; lastKnownFileType = file.storyboard; name = Base; path = Base.lproj/Main.storyboard; sourceTree = "<group>"; };
		DD83E6232792D2FA002DD4DB /* NSOperationPractice.xcdatamodel */ = {isa = PBXFileReference; lastKnownFileType = wrapper.xcdatamodel; path = NSOperationPractice.xcdatamodel; sourceTree = "<group>"; };
		DD83E6252792D2FB002DD4DB /* Assets.xcassets */ = {isa = PBXFileReference; lastKnownFileType = folder.assetcatalog; path = Assets.xcassets; sourceTree = "<group>"; };
		DD83E6282792D2FB002DD4DB /* Base */ = {isa = PBXFileReference; lastKnownFileType = file.storyboard; name = Base; path = Base.lproj/LaunchScreen.storyboard; sourceTree = "<group>"; };
		DD83E62A2792D2FB002DD4DB /* Info.plist */ = {isa = PBXFileReference; lastKnownFileType = text.plist.xml; path = Info.plist; sourceTree = "<group>"; };
		DD83E6302792DE24002DD4DB /* PhotoOperations.swift */ = {isa = PBXFileReference; lastKnownFileType = sourcecode.swift; path = PhotoOperations.swift; sourceTree = "<group>"; };
/* End PBXFileReference section */

/* Begin PBXFrameworksBuildPhase section */
		DD83E6132792D2FA002DD4DB /* Frameworks */ = {
			isa = PBXFrameworksBuildPhase;
			buildActionMask = 2147483647;
			files = (
			);
			runOnlyForDeploymentPostprocessing = 0;
		};
/* End PBXFrameworksBuildPhase section */

/* Begin PBXGroup section */
		DD83E60D2792D2FA002DD4DB = {
			isa = PBXGroup;
			children = (
				DD83E6182792D2FA002DD4DB /* NSOperationPractice */,
				DD83E6172792D2FA002DD4DB /* Products */,
			);
			sourceTree = "<group>";
		};
		DD83E6172792D2FA002DD4DB /* Products */ = {
			isa = PBXGroup;
			children = (
				DD83E6162792D2FA002DD4DB /* NSOperationPractice.app */,
			);
			name = Products;
			sourceTree = "<group>";
		};
		DD83E6182792D2FA002DD4DB /* NSOperationPractice */ = {
			isa = PBXGroup;
			children = (
				DD83E6302792DE24002DD4DB /* PhotoOperations.swift */,
				DD83E6192792D2FA002DD4DB /* AppDelegate.swift */,
				DD83E61B2792D2FA002DD4DB /* SceneDelegate.swift */,
				DD83E61D2792D2FA002DD4DB /* ListViewController.swift */,
				DD83E61F2792D2FA002DD4DB /* Main.storyboard */,
				DD83E6252792D2FB002DD4DB /* Assets.xcassets */,
				DD83E6272792D2FB002DD4DB /* LaunchScreen.storyboard */,
				DD83E62A2792D2FB002DD4DB /* Info.plist */,
				DD83E6222792D2FA002DD4DB /* NSOperationPractice.xcdatamodeld */,
			);
			path = NSOperationPractice;
			sourceTree = "<group>";
		};
/* End PBXGroup section */

/* Begin PBXNativeTarget section */
		DD83E6152792D2FA002DD4DB /* NSOperationPractice */ = {
			isa = PBXNativeTarget;
			buildConfigurationList = DD83E62D2792D2FB002DD4DB /* Build configuration list for PBXNativeTarget "NSOperationPractice" */;
			buildPhases = (
				DD83E6122792D2FA002DD4DB /* Sources */,
				DD83E6132792D2FA002DD4DB /* Frameworks */,
				DD83E6142792D2FA002DD4DB /* Resources */,
			);
			buildRules = (
			);
			dependencies = (
			);
			name = NSOperationPractice;
			productName = NSOperationPractice;
			productReference = DD83E6162792D2FA002DD4DB /* NSOperationPractice.app */;
			productType = "com.apple.product-type.application";
		};
/* End PBXNativeTarget section */

/* Begin PBXProject section */
		DD83E60E2792D2FA002DD4DB /* Project object */ = {
			isa = PBXProject;
			attributes = {
				BuildIndependentTargetsInParallel = 1;
				LastSwiftUpdateCheck = 1300;
				LastUpgradeCheck = 1300;
				TargetAttributes = {
					DD83E6152792D2FA002DD4DB = {
						CreatedOnToolsVersion = 13.0;
					};
				};
			};
			buildConfigurationList = DD83E6112792D2FA002DD4DB /* Build configuration list for PBXProject "NSOperationPractice" */;
			compatibilityVersion = "Xcode 13.0";
			developmentRegion = en;
			hasScannedForEncodings = 0;
			knownRegions = (
				en,
				Base,
			);
			mainGroup = DD83E60D2792D2FA002DD4DB;
			productRefGroup = DD83E6172792D2FA002DD4DB /* Products */;
			projectDirPath = "";
			projectRoot = "";
			targets = (
				DD83E6152792D2FA002DD4DB /* NSOperationPractice */,
			);
		};
/* End PBXProject section */

/* Begin PBXResourcesBuildPhase section */
		DD83E6142792D2FA002DD4DB /* Resources */ = {
			isa = PBXResourcesBuildPhase;
			buildActionMask = 2147483647;
			files = (
				DD83E6292792D2FB002DD4DB /* LaunchScreen.storyboard in Resources */,
				DD83E6262792D2FB002DD4DB /* Assets.xcassets in Resources */,
				DD83E6212792D2FA002DD4DB /* Main.storyboard in Resources */,
			);
			runOnlyForDeploymentPostprocessing = 0;
		};
/* End PBXResourcesBuildPhase section */

/* Begin PBXSourcesBuildPhase section */
		DD83E6122792D2FA002DD4DB /* Sources */ = {
			isa = PBXSourcesBuildPhase;
			buildActionMask = 2147483647;
			files = (
				DD83E61E2792D2FA002DD4DB /* ListViewController.swift in Sources */,
				DD83E61A2792D2FA002DD4DB /* AppDelegate.swift in Sources */,
				DD83E6242792D2FA002DD4DB /* NSOperationPractice.xcdatamodeld in Sources */,
				DD83E61C2792D2FA002DD4DB /* SceneDelegate.swift in Sources */,
				DD83E6312792DE24002DD4DB /* PhotoOperations.swift in Sources */,
			);
			runOnlyForDeploymentPostprocessing = 0;
		};
/* End PBXSourcesBuildPhase section */

/* Begin PBXVariantGroup section */
		DD83E61F2792D2FA002DD4DB /* Main.storyboard */ = {
			isa = PBXVariantGroup;
			children = (
				DD83E6202792D2FA002DD4DB /* Base */,
			);
			name = Main.storyboard;
			sourceTree = "<group>";
		};
		DD83E6272792D2FB002DD4DB /* LaunchScreen.storyboard */ = {
			isa = PBXVariantGroup;
			children = (
				DD83E6282792D2FB002DD4DB /* Base */,
			);
			name = LaunchScreen.storyboard;
			sourceTree = "<group>";
		};
/* End PBXVariantGroup section */

/* Begin XCBuildConfiguration section */
		DD83E62B2792D2FB002DD4DB /* Debug */ = {
			isa = XCBuildConfiguration;
			buildSettings = {
				ALWAYS_SEARCH_USER_PATHS = NO;
				CLANG_ANALYZER_NONNULL = YES;
				CLANG_ANALYZER_NUMBER_OBJECT_CONVERSION = YES_AGGRESSIVE;
				CLANG_CXX_LANGUAGE_STANDARD = "gnu++17";
				CLANG_CXX_LIBRARY = "libc++";
				CLANG_ENABLE_MODULES = YES;
				CLANG_ENABLE_OBJC_ARC = YES;
				CLANG_ENABLE_OBJC_WEAK = YES;
				CLANG_WARN_BLOCK_CAPTURE_AUTORELEASING = YES;
				CLANG_WARN_BOOL_CONVERSION = YES;
				CLANG_WARN_COMMA = YES;
				CLANG_WARN_CONSTANT_CONVERSION = YES;
				CLANG_WARN_DEPRECATED_OBJC_IMPLEMENTATIONS = YES;
				CLANG_WARN_DIRECT_OBJC_ISA_USAGE = YES_ERROR;
				CLANG_WARN_DOCUMENTATION_COMMENTS = YES;
				CLANG_WARN_EMPTY_BODY = YES;
				CLANG_WARN_ENUM_CONVERSION = YES;
				CLANG_WARN_INFINITE_RECURSION = YES;
				CLANG_WARN_INT_CONVERSION = YES;
				CLANG_WARN_NON_LITERAL_NULL_CONVERSION = YES;
				CLANG_WARN_OBJC_IMPLICIT_RETAIN_SELF = YES;
				CLANG_WARN_OBJC_LITERAL_CONVERSION = YES;
				CLANG_WARN_OBJC_ROOT_CLASS = YES_ERROR;
				CLANG_WARN_QUOTED_INCLUDE_IN_FRAMEWORK_HEADER = YES;
				CLANG_WARN_RANGE_LOOP_ANALYSIS = YES;
				CLANG_WARN_STRICT_PROTOTYPES = YES;
				CLANG_WARN_SUSPICIOUS_MOVE = YES;
				CLANG_WARN_UNGUARDED_AVAILABILITY = YES_AGGRESSIVE;
				CLANG_WARN_UNREACHABLE_CODE = YES;
				CLANG_WARN__DUPLICATE_METHOD_MATCH = YES;
				COPY_PHASE_STRIP = NO;
				DEBUG_INFORMATION_FORMAT = dwarf;
				ENABLE_STRICT_OBJC_MSGSEND = YES;
				ENABLE_TESTABILITY = YES;
				GCC_C_LANGUAGE_STANDARD = gnu11;
				GCC_DYNAMIC_NO_PIC = NO;
				GCC_NO_COMMON_BLOCKS = YES;
				GCC_OPTIMIZATION_LEVEL = 0;
				GCC_PREPROCESSOR_DEFINITIONS = (
					"DEBUG=1",
					"$(inherited)",
				);
				GCC_WARN_64_TO_32_BIT_CONVERSION = YES;
				GCC_WARN_ABOUT_RETURN_TYPE = YES_ERROR;
				GCC_WARN_UNDECLARED_SELECTOR = YES;
				GCC_WARN_UNINITIALIZED_AUTOS = YES_AGGRESSIVE;
				GCC_WARN_UNUSED_FUNCTION = YES;
				GCC_WARN_UNUSED_VARIABLE = YES;
				IPHONEOS_DEPLOYMENT_TARGET = 15.0;
				MTL_ENABLE_DEBUG_INFO = INCLUDE_SOURCE;
				MTL_FAST_MATH = YES;
				ONLY_ACTIVE_ARCH = YES;
				SDKROOT = iphoneos;
				SWIFT_ACTIVE_COMPILATION_CONDITIONS = DEBUG;
				SWIFT_OPTIMIZATION_LEVEL = "-Onone";
			};
			name = Debug;
		};
		DD83E62C2792D2FB002DD4DB /* Release */ = {
			isa = XCBuildConfiguration;
			buildSettings = {
				ALWAYS_SEARCH_USER_PATHS = NO;
				CLANG_ANALYZER_NONNULL = YES;
				CLANG_ANALYZER_NUMBER_OBJECT_CONVERSION = YES_AGGRESSIVE;
				CLANG_CXX_LANGUAGE_STANDARD = "gnu++17";
				CLANG_CXX_LIBRARY = "libc++";
				CLANG_ENABLE_MODULES = YES;
				CLANG_ENABLE_OBJC_ARC = YES;
				CLANG_ENABLE_OBJC_WEAK = YES;
				CLANG_WARN_BLOCK_CAPTURE_AUTORELEASING = YES;
				CLANG_WARN_BOOL_CONVERSION = YES;
				CLANG_WARN_COMMA = YES;
				CLANG_WARN_CONSTANT_CONVERSION = YES;
				CLANG_WARN_DEPRECATED_OBJC_IMPLEMENTATIONS = YES;
				CLANG_WARN_DIRECT_OBJC_ISA_USAGE = YES_ERROR;
				CLANG_WARN_DOCUMENTATION_COMMENTS = YES;
				CLANG_WARN_EMPTY_BODY = YES;
				CLANG_WARN_ENUM_CONVERSION = YES;
				CLANG_WARN_INFINITE_RECURSION = YES;
				CLANG_WARN_INT_CONVERSION = YES;
				CLANG_WARN_NON_LITERAL_NULL_CONVERSION = YES;
				CLANG_WARN_OBJC_IMPLICIT_RETAIN_SELF = YES;
				CLANG_WARN_OBJC_LITERAL_CONVERSION = YES;
				CLANG_WARN_OBJC_ROOT_CLASS = YES_ERROR;
				CLANG_WARN_QUOTED_INCLUDE_IN_FRAMEWORK_HEADER = YES;
				CLANG_WARN_RANGE_LOOP_ANALYSIS = YES;
				CLANG_WARN_STRICT_PROTOTYPES = YES;
				CLANG_WARN_SUSPICIOUS_MOVE = YES;
				CLANG_WARN_UNGUARDED_AVAILABILITY = YES_AGGRESSIVE;
				CLANG_WARN_UNREACHABLE_CODE = YES;
				CLANG_WARN__DUPLICATE_METHOD_MATCH = YES;
				COPY_PHASE_STRIP = NO;
				DEBUG_INFORMATION_FORMAT = "dwarf-with-dsym";
				ENABLE_NS_ASSERTIONS = NO;
				ENABLE_STRICT_OBJC_MSGSEND = YES;
				GCC_C_LANGUAGE_STANDARD = gnu11;
				GCC_NO_COMMON_BLOCKS = YES;
				GCC_WARN_64_TO_32_BIT_CONVERSION = YES;
				GCC_WARN_ABOUT_RETURN_TYPE = YES_ERROR;
				GCC_WARN_UNDECLARED_SELECTOR = YES;
				GCC_WARN_UNINITIALIZED_AUTOS = YES_AGGRESSIVE;
				GCC_WARN_UNUSED_FUNCTION = YES;
				GCC_WARN_UNUSED_VARIABLE = YES;
				IPHONEOS_DEPLOYMENT_TARGET = 15.0;
				MTL_ENABLE_DEBUG_INFO = NO;
				MTL_FAST_MATH = YES;
				SDKROOT = iphoneos;
				SWIFT_COMPILATION_MODE = wholemodule;
				SWIFT_OPTIMIZATION_LEVEL = "-O";
				VALIDATE_PRODUCT = YES;
			};
			name = Release;
		};
		DD83E62E2792D2FB002DD4DB /* Debug */ = {
			isa = XCBuildConfiguration;
			buildSettings = {
				ASSETCATALOG_COMPILER_APPICON_NAME = AppIcon;
				ASSETCATALOG_COMPILER_GLOBAL_ACCENT_COLOR_NAME = AccentColor;
				CODE_SIGN_STYLE = Automatic;
				CURRENT_PROJECT_VERSION = 1;
				GENERATE_INFOPLIST_FILE = YES;
				INFOPLIST_FILE = NSOperationPractice/Info.plist;
				INFOPLIST_KEY_UIApplicationSupportsIndirectInputEvents = YES;
				INFOPLIST_KEY_UILaunchStoryboardName = LaunchScreen;
				INFOPLIST_KEY_UIMainStoryboardFile = Main;
				INFOPLIST_KEY_UISupportedInterfaceOrientations_iPad = "UIInterfaceOrientationPortrait UIInterfaceOrientationPortraitUpsideDown UIInterfaceOrientationLandscapeLeft UIInterfaceOrientationLandscapeRight";
				INFOPLIST_KEY_UISupportedInterfaceOrientations_iPhone = "UIInterfaceOrientationPortrait UIInterfaceOrientationLandscapeLeft UIInterfaceOrientationLandscapeRight";
				LD_RUNPATH_SEARCH_PATHS = (
					"$(inherited)",
					"@executable_path/Frameworks",
				);
				MARKETING_VERSION = 1.0;
				PRODUCT_BUNDLE_IDENTIFIER = Alexanderrub.NSOperationPractice;
				PRODUCT_NAME = "$(TARGET_NAME)";
				SWIFT_EMIT_LOC_STRINGS = YES;
				SWIFT_VERSION = 5.0;
				TARGETED_DEVICE_FAMILY = "1,2";
			};
			name = Debug;
		};
		DD83E62F2792D2FB002DD4DB /* Release */ = {
			isa = XCBuildConfiguration;
			buildSettings = {
				ASSETCATALOG_COMPILER_APPICON_NAME = AppIcon;
				ASSETCATALOG_COMPILER_GLOBAL_ACCENT_COLOR_NAME = AccentColor;
				CODE_SIGN_STYLE = Automatic;
				CURRENT_PROJECT_VERSION = 1;
				GENERATE_INFOPLIST_FILE = YES;
				INFOPLIST_FILE = NSOperationPractice/Info.plist;
				INFOPLIST_KEY_UIApplicationSupportsIndirectInputEvents = YES;
				INFOPLIST_KEY_UILaunchStoryboardName = LaunchScreen;
				INFOPLIST_KEY_UIMainStoryboardFile = Main;
				INFOPLIST_KEY_UISupportedInterfaceOrientations_iPad = "UIInterfaceOrientationPortrait UIInterfaceOrientationPortraitUpsideDown UIInterfaceOrientationLandscapeLeft UIInterfaceOrientationLandscapeRight";
				INFOPLIST_KEY_UISupportedInterfaceOrientations_iPhone = "UIInterfaceOrientationPortrait UIInterfaceOrientationLandscapeLeft UIInterfaceOrientationLandscapeRight";
				LD_RUNPATH_SEARCH_PATHS = (
					"$(inherited)",
					"@executable_path/Frameworks",
				);
				MARKETING_VERSION = 1.0;
				PRODUCT_BUNDLE_IDENTIFIER = Alexanderrub.NSOperationPractice;
				PRODUCT_NAME = "$(TARGET_NAME)";
				SWIFT_EMIT_LOC_STRINGS = YES;
				SWIFT_VERSION = 5.0;
				TARGETED_DEVICE_FAMILY = "1,2";
			};
			name = Release;
		};
/* End XCBuildConfiguration section */

/* Begin XCConfigurationList section */
		DD83E6112792D2FA002DD4DB /* Build configuration list for PBXProject "NSOperationPractice" */ = {
			isa = XCConfigurationList;
			buildConfigurations = (
				DD83E62B2792D2FB002DD4DB /* Debug */,
				DD83E62C2792D2FB002DD4DB /* Release */,
			);
			defaultConfigurationIsVisible = 0;
			defaultConfigurationName = Release;
		};
		DD83E62D2792D2FB002DD4DB /* Build configuration list for PBXNativeTarget "NSOperationPractice" */ = {
			isa = XCConfigurationList;
			buildConfigurations = (
				DD83E62E2792D2FB002DD4DB /* Debug */,
				DD83E62F2792D2FB002DD4DB /* Release */,
			);
			defaultConfigurationIsVisible = 0;
			defaultConfigurationName = Release;
		};
/* End XCConfigurationList section */

/* Begin XCVersionGroup section */
		DD83E6222792D2FA002DD4DB /* NSOperationPractice.xcdatamodeld */ = {
			isa = XCVersionGroup;
			children = (
				DD83E6232792D2FA002DD4DB /* NSOperationPractice.xcdatamodel */,
			);
			currentVersion = DD83E6232792D2FA002DD4DB /* NSOperationPractice.xcdatamodel */;
			path = NSOperationPractice.xcdatamodeld;
			sourceTree = "<group>";
			versionGroupType = wrapper.xcdatamodel;
		};
/* End XCVersionGroup section */
	};
	rootObject = DD83E60E2792D2FA002DD4DB /* Project object */;
}
