// !$*UTF8*$!
{
	archiveVersion = 1;
	classes = {
	};
	objectVersion = 51;
	objects = {

/* Begin PBXBuildFile section */
		0EA1D09076770A9106B1ED96 /* Pods_Flash_Chat.framework in Frameworks */ = {isa = PBXBuildFile; fileRef = 727F20BF2445FA15BEEC8AE9 /* Pods_Flash_Chat.framework */; };
		70E2AD4C25E7A6C8008956FB /* AppDelegate.swift in Sources */ = {isa = PBXBuildFile; fileRef = 70E2AD4B25E7A6C8008956FB /* AppDelegate.swift */; };
		70E2AD4E25E7A6C8008956FB /* SceneDelegate.swift in Sources */ = {isa = PBXBuildFile; fileRef = 70E2AD4D25E7A6C8008956FB /* SceneDelegate.swift */; };
		70E2AD5025E7A6C8008956FB /* WelcomeViewController.swift in Sources */ = {isa = PBXBuildFile; fileRef = 70E2AD4F25E7A6C8008956FB /* WelcomeViewController.swift */; };
		70E2AD5325E7A6C8008956FB /* Main.storyboard in Resources */ = {isa = PBXBuildFile; fileRef = 70E2AD5125E7A6C8008956FB /* Main.storyboard */; };
		70E2AD5525E7A6CA008956FB /* Assets.xcassets in Resources */ = {isa = PBXBuildFile; fileRef = 70E2AD5425E7A6CA008956FB /* Assets.xcassets */; };
		70E2AD5825E7A6CA008956FB /* LaunchScreen.storyboard in Resources */ = {isa = PBXBuildFile; fileRef = 70E2AD5625E7A6CA008956FB /* LaunchScreen.storyboard */; };
		70E2AD6725E7AD32008956FB /* RegisterViewController.swift in Sources */ = {isa = PBXBuildFile; fileRef = 70E2AD6625E7AD32008956FB /* RegisterViewController.swift */; };
		70E2AD6A25E7AD42008956FB /* LoginViewController.swift in Sources */ = {isa = PBXBuildFile; fileRef = 70E2AD6925E7AD42008956FB /* LoginViewController.swift */; };
		70E2AD6D25E7AD4E008956FB /* ChatViewController.swift in Sources */ = {isa = PBXBuildFile; fileRef = 70E2AD6C25E7AD4E008956FB /* ChatViewController.swift */; };
		70E2AD7D25EAA807008956FB /* GoogleService-Info.plist in Resources */ = {isa = PBXBuildFile; fileRef = 70E2AD7C25EAA807008956FB /* GoogleService-Info.plist */; };
		70E2ADC925EBC83F008956FB /* Constants.swift in Sources */ = {isa = PBXBuildFile; fileRef = 70E2ADC825EBC83F008956FB /* Constants.swift */; };
		70E2ADCC25ECF6C9008956FB /* Message.swift in Sources */ = {isa = PBXBuildFile; fileRef = 70E2ADCB25ECF6C9008956FB /* Message.swift */; };
		70E2ADD025ECFABE008956FB /* MessageCell.swift in Sources */ = {isa = PBXBuildFile; fileRef = 70E2ADCE25ECFABE008956FB /* MessageCell.swift */; };
		70E2ADD125ECFABE008956FB /* MessageCell.xib in Resources */ = {isa = PBXBuildFile; fileRef = 70E2ADCF25ECFABE008956FB /* MessageCell.xib */; };
/* End PBXBuildFile section */

/* Begin PBXFileReference section */
		14253D392EB015F787439E14 /* Pods-Flash Chat.release.xcconfig */ = {isa = PBXFileReference; includeInIndex = 1; lastKnownFileType = text.xcconfig; name = "Pods-Flash Chat.release.xcconfig"; path = "Target Support Files/Pods-Flash Chat/Pods-Flash Chat.release.xcconfig"; sourceTree = "<group>"; };
		20738F2F689E2621042CCBF8 /* Pods-Flash Chat.debug.xcconfig */ = {isa = PBXFileReference; includeInIndex = 1; lastKnownFileType = text.xcconfig; name = "Pods-Flash Chat.debug.xcconfig"; path = "Target Support Files/Pods-Flash Chat/Pods-Flash Chat.debug.xcconfig"; sourceTree = "<group>"; };
		70E2AD4825E7A6C8008956FB /* Flash Chat.app */ = {isa = PBXFileReference; explicitFileType = wrapper.application; includeInIndex = 0; path = "Flash Chat.app"; sourceTree = BUILT_PRODUCTS_DIR; };
		70E2AD4B25E7A6C8008956FB /* AppDelegate.swift */ = {isa = PBXFileReference; lastKnownFileType = sourcecode.swift; path = AppDelegate.swift; sourceTree = "<group>"; };
		70E2AD4D25E7A6C8008956FB /* SceneDelegate.swift */ = {isa = PBXFileReference; lastKnownFileType = sourcecode.swift; path = SceneDelegate.swift; sourceTree = "<group>"; };
		70E2AD4F25E7A6C8008956FB /* WelcomeViewController.swift */ = {isa = PBXFileReference; lastKnownFileType = sourcecode.swift; path = WelcomeViewController.swift; sourceTree = "<group>"; };
		70E2AD5225E7A6C8008956FB /* Base */ = {isa = PBXFileReference; lastKnownFileType = file.storyboard; name = Base; path = Base.lproj/Main.storyboard; sourceTree = "<group>"; };
		70E2AD5425E7A6CA008956FB /* Assets.xcassets */ = {isa = PBXFileReference; lastKnownFileType = folder.assetcatalog; path = Assets.xcassets; sourceTree = "<group>"; };
		70E2AD5725E7A6CA008956FB /* Base */ = {isa = PBXFileReference; lastKnownFileType = file.storyboard; name = Base; path = Base.lproj/LaunchScreen.storyboard; sourceTree = "<group>"; };
		70E2AD5925E7A6CA008956FB /* Info.plist */ = {isa = PBXFileReference; lastKnownFileType = text.plist.xml; path = Info.plist; sourceTree = "<group>"; };
		70E2AD6625E7AD32008956FB /* RegisterViewController.swift */ = {isa = PBXFileReference; lastKnownFileType = sourcecode.swift; path = RegisterViewController.swift; sourceTree = "<group>"; };
		70E2AD6925E7AD42008956FB /* LoginViewController.swift */ = {isa = PBXFileReference; lastKnownFileType = sourcecode.swift; path = LoginViewController.swift; sourceTree = "<group>"; };
		70E2AD6C25E7AD4E008956FB /* ChatViewController.swift */ = {isa = PBXFileReference; lastKnownFileType = sourcecode.swift; path = ChatViewController.swift; sourceTree = "<group>"; };
		70E2AD7C25EAA807008956FB /* GoogleService-Info.plist */ = {isa = PBXFileReference; fileEncoding = 4; lastKnownFileType = text.plist.xml; path = "GoogleService-Info.plist"; sourceTree = "<group>"; };
		70E2ADC825EBC83F008956FB /* Constants.swift */ = {isa = PBXFileReference; lastKnownFileType = sourcecode.swift; path = Constants.swift; sourceTree = "<group>"; };
		70E2ADCB25ECF6C9008956FB /* Message.swift */ = {isa = PBXFileReference; lastKnownFileType = sourcecode.swift; path = Message.swift; sourceTree = "<group>"; };
		70E2ADCE25ECFABE008956FB /* MessageCell.swift */ = {isa = PBXFileReference; lastKnownFileType = sourcecode.swift; path = MessageCell.swift; sourceTree = "<group>"; };
		70E2ADCF25ECFABE008956FB /* MessageCell.xib */ = {isa = PBXFileReference; lastKnownFileType = file.xib; path = MessageCell.xib; sourceTree = "<group>"; };
		727F20BF2445FA15BEEC8AE9 /* Pods_Flash_Chat.framework */ = {isa = PBXFileReference; explicitFileType = wrapper.framework; includeInIndex = 0; path = Pods_Flash_Chat.framework; sourceTree = BUILT_PRODUCTS_DIR; };
/* End PBXFileReference section */

/* Begin PBXFrameworksBuildPhase section */
		70E2AD4525E7A6C8008956FB /* Frameworks */ = {
			isa = PBXFrameworksBuildPhase;
			buildActionMask = 2147483647;
			files = (
				0EA1D09076770A9106B1ED96 /* Pods_Flash_Chat.framework in Frameworks */,
			);
			runOnlyForDeploymentPostprocessing = 0;
		};
/* End PBXFrameworksBuildPhase section */

/* Begin PBXGroup section */
		70E2AD3F25E7A6C8008956FB = {
			isa = PBXGroup;
			children = (
				70E2AD4A25E7A6C8008956FB /* Flash Chat */,
				70E2AD4925E7A6C8008956FB /* Products */,
				7146011A27E55D6D255BEA32 /* Pods */,
				84D62488E93F42E5C242F324 /* Frameworks */,
			);
			sourceTree = "<group>";
		};
		70E2AD4925E7A6C8008956FB /* Products */ = {
			isa = PBXGroup;
			children = (
				70E2AD4825E7A6C8008956FB /* Flash Chat.app */,
			);
			name = Products;
			sourceTree = "<group>";
		};
		70E2AD4A25E7A6C8008956FB /* Flash Chat */ = {
			isa = PBXGroup;
			children = (
				70E2AD4B25E7A6C8008956FB /* AppDelegate.swift */,
				70E2AD4D25E7A6C8008956FB /* SceneDelegate.swift */,
				70E2AD6325E7A705008956FB /* Model */,
				70E2AD6025E7A6F3008956FB /* View */,
				70E2AD6125E7A6FC008956FB /* Controller */,
				70E2AD5625E7A6CA008956FB /* LaunchScreen.storyboard */,
				70E2AD5425E7A6CA008956FB /* Assets.xcassets */,
				70E2AD5925E7A6CA008956FB /* Info.plist */,
				70E2AD7C25EAA807008956FB /* GoogleService-Info.plist */,
				70E2ADC825EBC83F008956FB /* Constants.swift */,
			);
			path = "Flash Chat";
			sourceTree = "<group>";
		};
		70E2AD6025E7A6F3008956FB /* View */ = {
			isa = PBXGroup;
			children = (
				70E2AD5125E7A6C8008956FB /* Main.storyboard */,
				70E2ADCE25ECFABE008956FB /* MessageCell.swift */,
				70E2ADCF25ECFABE008956FB /* MessageCell.xib */,
			);
			path = View;
			sourceTree = "<group>";
		};
		70E2AD6125E7A6FC008956FB /* Controller */ = {
			isa = PBXGroup;
			children = (
				70E2AD4F25E7A6C8008956FB /* WelcomeViewController.swift */,
				70E2AD6625E7AD32008956FB /* RegisterViewController.swift */,
				70E2AD6925E7AD42008956FB /* LoginViewController.swift */,
				70E2AD6C25E7AD4E008956FB /* ChatViewController.swift */,
			);
			path = Controller;
			sourceTree = "<group>";
		};
		70E2AD6325E7A705008956FB /* Model */ = {
			isa = PBXGroup;
			children = (
				70E2ADCB25ECF6C9008956FB /* Message.swift */,
			);
			path = Model;
			sourceTree = "<group>";
		};
		7146011A27E55D6D255BEA32 /* Pods */ = {
			isa = PBXGroup;
			children = (
				20738F2F689E2621042CCBF8 /* Pods-Flash Chat.debug.xcconfig */,
				14253D392EB015F787439E14 /* Pods-Flash Chat.release.xcconfig */,
			);
			path = Pods;
			sourceTree = "<group>";
		};
		84D62488E93F42E5C242F324 /* Frameworks */ = {
			isa = PBXGroup;
			children = (
				727F20BF2445FA15BEEC8AE9 /* Pods_Flash_Chat.framework */,
			);
			name = Frameworks;
			sourceTree = "<group>";
		};
/* End PBXGroup section */

/* Begin PBXNativeTarget section */
		70E2AD4725E7A6C8008956FB /* Flash Chat */ = {
			isa = PBXNativeTarget;
			buildConfigurationList = 70E2AD5C25E7A6CA008956FB /* Build configuration list for PBXNativeTarget "Flash Chat" */;
			buildPhases = (
				471A3831209AFCCB62043CEB /* [CP] Check Pods Manifest.lock */,
				70E2AD4425E7A6C8008956FB /* Sources */,
				70E2AD4525E7A6C8008956FB /* Frameworks */,
				70E2AD4625E7A6C8008956FB /* Resources */,
				05B2F8262999B936B126D1BE /* [CP] Embed Pods Frameworks */,
			);
			buildRules = (
			);
			dependencies = (
			);
			name = "Flash Chat";
			productName = "Flash Chat";
			productReference = 70E2AD4825E7A6C8008956FB /* Flash Chat.app */;
			productType = "com.apple.product-type.application";
		};
/* End PBXNativeTarget section */

/* Begin PBXProject section */
		70E2AD4025E7A6C8008956FB /* Project object */ = {
			isa = PBXProject;
			attributes = {
				LastSwiftUpdateCheck = 1240;
				LastUpgradeCheck = 1240;
				TargetAttributes = {
					70E2AD4725E7A6C8008956FB = {
						CreatedOnToolsVersion = 12.4;
					};
				};
			};
			buildConfigurationList = 70E2AD4325E7A6C8008956FB /* Build configuration list for PBXProject "Flash Chat" */;
			compatibilityVersion = "Xcode 9.3";
			developmentRegion = en;
			hasScannedForEncodings = 0;
			knownRegions = (
				en,
				Base,
			);
			mainGroup = 70E2AD3F25E7A6C8008956FB;
			productRefGroup = 70E2AD4925E7A6C8008956FB /* Products */;
			projectDirPath = "";
			projectRoot = "";
			targets = (
				70E2AD4725E7A6C8008956FB /* Flash Chat */,
			);
		};
/* End PBXProject section */

/* Begin PBXResourcesBuildPhase section */
		70E2AD4625E7A6C8008956FB /* Resources */ = {
			isa = PBXResourcesBuildPhase;
			buildActionMask = 2147483647;
			files = (
				70E2ADD125ECFABE008956FB /* MessageCell.xib in Resources */,
				70E2AD5825E7A6CA008956FB /* LaunchScreen.storyboard in Resources */,
				70E2AD7D25EAA807008956FB /* GoogleService-Info.plist in Resources */,
				70E2AD5525E7A6CA008956FB /* Assets.xcassets in Resources */,
				70E2AD5325E7A6C8008956FB /* Main.storyboard in Resources */,
			);
			runOnlyForDeploymentPostprocessing = 0;
		};
/* End PBXResourcesBuildPhase section */

/* Begin PBXShellScriptBuildPhase section */
		05B2F8262999B936B126D1BE /* [CP] Embed Pods Frameworks */ = {
			isa = PBXShellScriptBuildPhase;
			buildActionMask = 2147483647;
			files = (
			);
			inputFileListPaths = (
				"${PODS_ROOT}/Target Support Files/Pods-Flash Chat/Pods-Flash Chat-frameworks-${CONFIGURATION}-input-files.xcfilelist",
			);
			name = "[CP] Embed Pods Frameworks";
			outputFileListPaths = (
				"${PODS_ROOT}/Target Support Files/Pods-Flash Chat/Pods-Flash Chat-frameworks-${CONFIGURATION}-output-files.xcfilelist",
			);
			runOnlyForDeploymentPostprocessing = 0;
			shellPath = /bin/sh;
			shellScript = "\"${PODS_ROOT}/Target Support Files/Pods-Flash Chat/Pods-Flash Chat-frameworks.sh\"\n";
			showEnvVarsInLog = 0;
		};
		471A3831209AFCCB62043CEB /* [CP] Check Pods Manifest.lock */ = {
			isa = PBXShellScriptBuildPhase;
			buildActionMask = 2147483647;
			files = (
			);
			inputFileListPaths = (
			);
			inputPaths = (
				"${PODS_PODFILE_DIR_PATH}/Podfile.lock",
				"${PODS_ROOT}/Manifest.lock",
			);
			name = "[CP] Check Pods Manifest.lock";
			outputFileListPaths = (
			);
			outputPaths = (
				"$(DERIVED_FILE_DIR)/Pods-Flash Chat-checkManifestLockResult.txt",
			);
			runOnlyForDeploymentPostprocessing = 0;
			shellPath = /bin/sh;
			shellScript = "diff \"${PODS_PODFILE_DIR_PATH}/Podfile.lock\" \"${PODS_ROOT}/Manifest.lock\" > /dev/null\nif [ $? != 0 ] ; then\n    # print error to STDERR\n    echo \"error: The sandbox is not in sync with the Podfile.lock. Run 'pod install' or update your CocoaPods installation.\" >&2\n    exit 1\nfi\n# This output is used by Xcode 'outputs' to avoid re-running this script phase.\necho \"SUCCESS\" > \"${SCRIPT_OUTPUT_FILE_0}\"\n";
			showEnvVarsInLog = 0;
		};
/* End PBXShellScriptBuildPhase section */

/* Begin PBXSourcesBuildPhase section */
		70E2AD4425E7A6C8008956FB /* Sources */ = {
			isa = PBXSourcesBuildPhase;
			buildActionMask = 2147483647;
			files = (
				70E2AD5025E7A6C8008956FB /* WelcomeViewController.swift in Sources */,
				70E2AD4C25E7A6C8008956FB /* AppDelegate.swift in Sources */,
				70E2AD4E25E7A6C8008956FB /* SceneDelegate.swift in Sources */,
				70E2AD6A25E7AD42008956FB /* LoginViewController.swift in Sources */,
				70E2ADC925EBC83F008956FB /* Constants.swift in Sources */,
				70E2ADCC25ECF6C9008956FB /* Message.swift in Sources */,
				70E2AD6D25E7AD4E008956FB /* ChatViewController.swift in Sources */,
				70E2AD6725E7AD32008956FB /* RegisterViewController.swift in Sources */,
				70E2ADD025ECFABE008956FB /* MessageCell.swift in Sources */,
			);
			runOnlyForDeploymentPostprocessing = 0;
		};
/* End PBXSourcesBuildPhase section */

/* Begin PBXVariantGroup section */
		70E2AD5125E7A6C8008956FB /* Main.storyboard */ = {
			isa = PBXVariantGroup;
			children = (
				70E2AD5225E7A6C8008956FB /* Base */,
			);
			name = Main.storyboard;
			sourceTree = "<group>";
		};
		70E2AD5625E7A6CA008956FB /* LaunchScreen.storyboard */ = {
			isa = PBXVariantGroup;
			children = (
				70E2AD5725E7A6CA008956FB /* Base */,
			);
			name = LaunchScreen.storyboard;
			sourceTree = "<group>";
		};
/* End PBXVariantGroup section */

/* Begin XCBuildConfiguration section */
		70E2AD5A25E7A6CA008956FB /* Debug */ = {
			isa = XCBuildConfiguration;
			buildSettings = {
				ALWAYS_SEARCH_USER_PATHS = NO;
				CLANG_ANALYZER_NONNULL = YES;
				CLANG_ANALYZER_NUMBER_OBJECT_CONVERSION = YES_AGGRESSIVE;
				CLANG_CXX_LANGUAGE_STANDARD = "gnu++14";
				CLANG_CXX_LIBRARY = "libc++";
				CLANG_ENABLE_MODULES = YES;
				CLANG_ENABLE_OBJC_ARC = YES;
				CLANG_ENABLE_OBJC_WEAK = YES;
				CLANG_WARN_BLOCK_CAPTURE_AUTORELEASING = YES;
				CLANG_WARN_BOOL_CONVERSION = YES;
				CLANG_WARN_COMMA = YES;
				CLANG_WARN_CONSTANT_CONVERSION = YES;
				CLANG_WARN_DEPRECATED_OBJC_IMPLEMENTATIONS = YES;
				CLANG_WARN_DIRECT_OBJC_ISA_USAGE = YES_ERROR;
				CLANG_WARN_DOCUMENTATION_COMMENTS = YES;
				CLANG_WARN_EMPTY_BODY = YES;
				CLANG_WARN_ENUM_CONVERSION = YES;
				CLANG_WARN_INFINITE_RECURSION = YES;
				CLANG_WARN_INT_CONVERSION = YES;
				CLANG_WARN_NON_LITERAL_NULL_CONVERSION = YES;
				CLANG_WARN_OBJC_IMPLICIT_RETAIN_SELF = YES;
				CLANG_WARN_OBJC_LITERAL_CONVERSION = YES;
				CLANG_WARN_OBJC_ROOT_CLASS = YES_ERROR;
				CLANG_WARN_QUOTED_INCLUDE_IN_FRAMEWORK_HEADER = YES;
				CLANG_WARN_RANGE_LOOP_ANALYSIS = YES;
				CLANG_WARN_STRICT_PROTOTYPES = YES;
				CLANG_WARN_SUSPICIOUS_MOVE = YES;
				CLANG_WARN_UNGUARDED_AVAILABILITY = YES_AGGRESSIVE;
				CLANG_WARN_UNREACHABLE_CODE = YES;
				CLANG_WARN__DUPLICATE_METHOD_MATCH = YES;
				COPY_PHASE_STRIP = NO;
				DEBUG_INFORMATION_FORMAT = dwarf;
				ENABLE_STRICT_OBJC_MSGSEND = YES;
				ENABLE_TESTABILITY = YES;
				GCC_C_LANGUAGE_STANDARD = gnu11;
				GCC_DYNAMIC_NO_PIC = NO;
				GCC_NO_COMMON_BLOCKS = YES;
				GCC_OPTIMIZATION_LEVEL = 0;
				GCC_PREPROCESSOR_DEFINITIONS = (
					"DEBUG=1",
					"$(inherited)",
				);
				GCC_WARN_64_TO_32_BIT_CONVERSION = YES;
				GCC_WARN_ABOUT_RETURN_TYPE = YES_ERROR;
				GCC_WARN_UNDECLARED_SELECTOR = YES;
				GCC_WARN_UNINITIALIZED_AUTOS = YES_AGGRESSIVE;
				GCC_WARN_UNUSED_FUNCTION = YES;
				GCC_WARN_UNUSED_VARIABLE = YES;
				IPHONEOS_DEPLOYMENT_TARGET = 14.4;
				MTL_ENABLE_DEBUG_INFO = INCLUDE_SOURCE;
				MTL_FAST_MATH = YES;
				ONLY_ACTIVE_ARCH = YES;
				SDKROOT = iphoneos;
				SWIFT_ACTIVE_COMPILATION_CONDITIONS = DEBUG;
				SWIFT_OPTIMIZATION_LEVEL = "-Onone";
			};
			name = Debug;
		};
		70E2AD5B25E7A6CA008956FB /* Release */ = {
			isa = XCBuildConfiguration;
			buildSettings = {
				ALWAYS_SEARCH_USER_PATHS = NO;
				CLANG_ANALYZER_NONNULL = YES;
				CLANG_ANALYZER_NUMBER_OBJECT_CONVERSION = YES_AGGRESSIVE;
				CLANG_CXX_LANGUAGE_STANDARD = "gnu++14";
				CLANG_CXX_LIBRARY = "libc++";
				CLANG_ENABLE_MODULES = YES;
				CLANG_ENABLE_OBJC_ARC = YES;
				CLANG_ENABLE_OBJC_WEAK = YES;
				CLANG_WARN_BLOCK_CAPTURE_AUTORELEASING = YES;
				CLANG_WARN_BOOL_CONVERSION = YES;
				CLANG_WARN_COMMA = YES;
				CLANG_WARN_CONSTANT_CONVERSION = YES;
				CLANG_WARN_DEPRECATED_OBJC_IMPLEMENTATIONS = YES;
				CLANG_WARN_DIRECT_OBJC_ISA_USAGE = YES_ERROR;
				CLANG_WARN_DOCUMENTATION_COMMENTS = YES;
				CLANG_WARN_EMPTY_BODY = YES;
				CLANG_WARN_ENUM_CONVERSION = YES;
				CLANG_WARN_INFINITE_RECURSION = YES;
				CLANG_WARN_INT_CONVERSION = YES;
				CLANG_WARN_NON_LITERAL_NULL_CONVERSION = YES;
				CLANG_WARN_OBJC_IMPLICIT_RETAIN_SELF = YES;
				CLANG_WARN_OBJC_LITERAL_CONVERSION = YES;
				CLANG_WARN_OBJC_ROOT_CLASS = YES_ERROR;
				CLANG_WARN_QUOTED_INCLUDE_IN_FRAMEWORK_HEADER = YES;
				CLANG_WARN_RANGE_LOOP_ANALYSIS = YES;
				CLANG_WARN_STRICT_PROTOTYPES = YES;
				CLANG_WARN_SUSPICIOUS_MOVE = YES;
				CLANG_WARN_UNGUARDED_AVAILABILITY = YES_AGGRESSIVE;
				CLANG_WARN_UNREACHABLE_CODE = YES;
				CLANG_WARN__DUPLICATE_METHOD_MATCH = YES;
				COPY_PHASE_STRIP = NO;
				DEBUG_INFORMATION_FORMAT = "dwarf-with-dsym";
				ENABLE_NS_ASSERTIONS = NO;
				ENABLE_STRICT_OBJC_MSGSEND = YES;
				GCC_C_LANGUAGE_STANDARD = gnu11;
				GCC_NO_COMMON_BLOCKS = YES;
				GCC_WARN_64_TO_32_BIT_CONVERSION = YES;
				GCC_WARN_ABOUT_RETURN_TYPE = YES_ERROR;
				GCC_WARN_UNDECLARED_SELECTOR = YES;
				GCC_WARN_UNINITIALIZED_AUTOS = YES_AGGRESSIVE;
				GCC_WARN_UNUSED_FUNCTION = YES;
				GCC_WARN_UNUSED_VARIABLE = YES;
				IPHONEOS_DEPLOYMENT_TARGET = 14.4;
				MTL_ENABLE_DEBUG_INFO = NO;
				MTL_FAST_MATH = YES;
				SDKROOT = iphoneos;
				SWIFT_COMPILATION_MODE = wholemodule;
				SWIFT_OPTIMIZATION_LEVEL = "-O";
				VALIDATE_PRODUCT = YES;
			};
			name = Release;
		};
		70E2AD5D25E7A6CA008956FB /* Debug */ = {
			isa = XCBuildConfiguration;
			baseConfigurationReference = 20738F2F689E2621042CCBF8 /* Pods-Flash Chat.debug.xcconfig */;
			buildSettings = {
				ASSETCATALOG_COMPILER_APPICON_NAME = AppIcon;
				ASSETCATALOG_COMPILER_GLOBAL_ACCENT_COLOR_NAME = AccentColor;
				CODE_SIGN_STYLE = Automatic;
				INFOPLIST_FILE = "Flash Chat/Info.plist";
				LD_RUNPATH_SEARCH_PATHS = (
					"$(inherited)",
					"@executable_path/Frameworks",
				);
				PRODUCT_BUNDLE_IDENTIFIER = "Alexander.Flash-Chat";
				PRODUCT_NAME = "$(TARGET_NAME)";
				SWIFT_VERSION = 5.0;
				TARGETED_DEVICE_FAMILY = "1,2";
			};
			name = Debug;
		};
		70E2AD5E25E7A6CA008956FB /* Release */ = {
			isa = XCBuildConfiguration;
			baseConfigurationReference = 14253D392EB015F787439E14 /* Pods-Flash Chat.release.xcconfig */;
			buildSettings = {
				ASSETCATALOG_COMPILER_APPICON_NAME = AppIcon;
				ASSETCATALOG_COMPILER_GLOBAL_ACCENT_COLOR_NAME = AccentColor;
				CODE_SIGN_STYLE = Automatic;
				INFOPLIST_FILE = "Flash Chat/Info.plist";
				LD_RUNPATH_SEARCH_PATHS = (
					"$(inherited)",
					"@executable_path/Frameworks",
				);
				PRODUCT_BUNDLE_IDENTIFIER = "Alexander.Flash-Chat";
				PRODUCT_NAME = "$(TARGET_NAME)";
				SWIFT_VERSION = 5.0;
				TARGETED_DEVICE_FAMILY = "1,2";
			};
			name = Release;
		};
/* End XCBuildConfiguration section */

/* Begin XCConfigurationList section */
		70E2AD4325E7A6C8008956FB /* Build configuration list for PBXProject "Flash Chat" */ = {
			isa = XCConfigurationList;
			buildConfigurations = (
				70E2AD5A25E7A6CA008956FB /* Debug */,
				70E2AD5B25E7A6CA008956FB /* Release */,
			);
			defaultConfigurationIsVisible = 0;
			defaultConfigurationName = Release;
		};
		70E2AD5C25E7A6CA008956FB /* Build configuration list for PBXNativeTarget "Flash Chat" */ = {
			isa = XCConfigurationList;
			buildConfigurations = (
				70E2AD5D25E7A6CA008956FB /* Debug */,
				70E2AD5E25E7A6CA008956FB /* Release */,
			);
			defaultConfigurationIsVisible = 0;
			defaultConfigurationName = Release;
		};
/* End XCConfigurationList section */
	};
	rootObject = 70E2AD4025E7A6C8008956FB /* Project object */;
}
